
Microsoft Visual Studio Solution File, Format Version 12.00
# Visual Studio 2012
Project("{FAE04EC0-301F-11D3-BF4B-00C04F79EFBC}") = "PrintTreeViewSample", "PrintTreeViewSample\PrintTreeViewSample.csproj", "{368CE0E0-3039-4ECF-9E00-5E70E887A13D}"
EndProject
Project("{FAE04EC0-301F-11D3-BF4B-00C04F79EFBC}") = "Pitman.Printing", "Pitman.Printing\Pitman.Printing.csproj", "{1DC1069D-746E-4908-8444-2680EDA397B3}"
EndProject
Global
	GlobalSection(SolutionConfigurationPlatforms) = preSolution
		Debug|Any CPU = Debug|Any CPU
		Release|Any CPU = Release|Any CPU
	EndGlobalSection
	GlobalSection(ProjectConfigurationPlatforms) = postSolution
		{368CE0E0-3039-4ECF-9E00-5E70E887A13D}.Debug|Any CPU.ActiveCfg = Debug|Any CPU
		{368CE0E0-3039-4ECF-9E00-5E70E887A13D}.Debug|Any CPU.Build.0 = Debug|Any CPU
		{368CE0E0-3039-4ECF-9E00-5E70E887A13D}.Release|Any CPU.ActiveCfg = Release|Any CPU
		{368CE0E0-3039-4ECF-9E00-5E70E887A13D}.Release|Any CPU.Build.0 = Release|Any CPU
		{1DC1069D-746E-4908-8444-2680EDA397B3}.Debug|Any CPU.ActiveCfg = Debug|Any CPU
		{1DC1069D-746E-4908-8444-2680EDA397B3}.Debug|Any CPU.Build.0 = Debug|Any CPU
		{1DC1069D-746E-4908-8444-2680EDA397B3}.Release|Any CPU.ActiveCfg = Release|Any CPU
		{1DC1069D-746E-4908-8444-2680EDA397B3}.Release|Any CPU.Build.0 = Release|Any CPU
	EndGlobalSection
	GlobalSection(SolutionProperties) = preSolution
		HideSolutionNode = FALSE
	EndGlobalSection
EndGlobal
